
Microsoft Visual Studio Solution File, Format Version 12.00
# Visual Studio 15
VisualStudioVersion = 15.0.28307.421
MinimumVisualStudioVersion = 10.0.40219.1
Project("{FAE04EC0-301F-11D3-BF4B-00C04F79EFBC}") = "Louise_PowerBill", "Louise_PowerBill\Louise_PowerBill.csproj", "{1442B396-0EA8-4BA8-8538-1AAF0BD91DB5}"
EndProject
Project("{FAE04EC0-301F-11D3-BF4B-00C04F79EFBC}") = "CustomerData", "CustomerData\CustomerData.csproj", "{344F7DD7-D2AD-43E9-8D71-59A850A08B61}"
EndProject
Project("{FAE04EC0-301F-11D3-BF4B-00C04F79EFBC}") = "CustomerDataTests", "CustomerDataTests\CustomerDataTests.csproj", "{EBCA9217-628A-4093-B562-A478E6BA77CE}"
EndProject
Global
	GlobalSection(SolutionConfigurationPlatforms) = preSolution
		Debug|Any CPU = Debug|Any CPU
		Release|Any CPU = Release|Any CPU
	EndGlobalSection
	GlobalSection(ProjectConfigurationPlatforms) = postSolution
		{1442B396-0EA8-4BA8-8538-1AAF0BD91DB5}.Debug|Any CPU.ActiveCfg = Debug|Any CPU
		{1442B396-0EA8-4BA8-8538-1AAF0BD91DB5}.Debug|Any CPU.Build.0 = Debug|Any CPU
		{1442B396-0EA8-4BA8-8538-1AAF0BD91DB5}.Release|Any CPU.ActiveCfg = Release|Any CPU
		{1442B396-0EA8-4BA8-8538-1AAF0BD91DB5}.Release|Any CPU.Build.0 = Release|Any CPU
		{344F7DD7-D2AD-43E9-8D71-59A850A08B61}.Debug|Any CPU.ActiveCfg = Debug|Any CPU
		{344F7DD7-D2AD-43E9-8D71-59A850A08B61}.Debug|Any CPU.Build.0 = Debug|Any CPU
		{344F7DD7-D2AD-43E9-8D71-59A850A08B61}.Release|Any CPU.ActiveCfg = Release|Any CPU
		{344F7DD7-D2AD-43E9-8D71-59A850A08B61}.Release|Any CPU.Build.0 = Release|Any CPU
		{EBCA9217-628A-4093-B562-A478E6BA77CE}.Debug|Any CPU.ActiveCfg = Debug|Any CPU
		{EBCA9217-628A-4093-B562-A478E6BA77CE}.Debug|Any CPU.Build.0 = Debug|Any CPU
		{EBCA9217-628A-4093-B562-A478E6BA77CE}.Release|Any CPU.ActiveCfg = Release|Any CPU
		{EBCA9217-628A-4093-B562-A478E6BA77CE}.Release|Any CPU.Build.0 = Release|Any CPU
	EndGlobalSection
	GlobalSection(SolutionProperties) = preSolution
		HideSolutionNode = FALSE
	EndGlobalSection
	GlobalSection(ExtensibilityGlobals) = postSolution
		SolutionGuid = {BC7F98F8-E114-4751-864F-9520F55BC58D}
	EndGlobalSection
EndGlobal
